dependencies:
- name: redis
  repository: https://charts.bitnami.com/bitnami
  version: 16.5.0
- name: postgresql
  repository: https://charts.bitnami.com/bitnami
  version: 11.1.4
- name: postgresql-ha
  repository: https://charts.bitnami.com/bitnami
  version: 8.5.3
- name: mariadb
  repository: https://charts.bitnami.com/bitnami
  version: 10.3.7
- name: common
  repository: https://charts.bitnami.com/bitnami
  version: 1.11.3
digest: sha256:799e398ea23e6a6f7c7736ce0593a1fbdf405cf8e454fec9d5b4dcf797d0deb8
generated: "2022-03-08T15:01:35.940838922Z"
